// !$*UTF8*$!
{
	archiveVersion = 1;
	classes = {
	};
	objectVersion = 51;
	objects = {

/* Begin PBXBuildFile section */
		19E9F05091C46C5315F3EBC7 /* Pods_NutritionAnalysisTests.framework in Frameworks */ = {isa = PBXBuildFile; fileRef = 71E451444E6073000613A977 /* Pods_NutritionAnalysisTests.framework */; };
		E4A4797B09E96835ABBAD022 /* Pods_NutritionAnalysis_NutritionAnalysisUITests.framework in Frameworks */ = {isa = PBXBuildFile; fileRef = E4346EAFB434681B484AF398 /* Pods_NutritionAnalysis_NutritionAnalysisUITests.framework */; };
		F15ADB9D345089B285FD9CBA /* Pods_NutritionAnalysis.framework in Frameworks */ = {isa = PBXBuildFile; fileRef = 532D5A86237CDC209506F3F8 /* Pods_NutritionAnalysis.framework */; };
		FA4973CD2699E2CE00D31FFA /* AppDelegate.swift in Sources */ = {isa = PBXBuildFile; fileRef = FA4973B02699E2CC00D31FFA /* AppDelegate.swift */; };
		FA4973DB2699E2CE00D31FFA /* IngredientViewModel.swift in Sources */ = {isa = PBXBuildFile; fileRef = FA4973C92699E2CD00D31FFA /* IngredientViewModel.swift */; };
		FA4973DC2699E2CE00D31FFA /* Ingredient.swift in Sources */ = {isa = PBXBuildFile; fileRef = FA4973CB2699E2CE00D31FFA /* Ingredient.swift */; };
		FA4973DD2699E2CE00D31FFA /* RequestsHandler.swift in Sources */ = {isa = PBXBuildFile; fileRef = FA4973CC2699E2CE00D31FFA /* RequestsHandler.swift */; };
		FA4973F0269B3BCF00D31FFA /* IngredientListViewController.swift in Sources */ = {isa = PBXBuildFile; fileRef = FA4973EE269B3BCF00D31FFA /* IngredientListViewController.swift */; };
		FA4973F1269B3BCF00D31FFA /* IngredientListViewController.xib in Resources */ = {isa = PBXBuildFile; fileRef = FA4973EF269B3BCF00D31FFA /* IngredientListViewController.xib */; };
		FA4973F4269B3BDD00D31FFA /* IngredientAnalysisViewController.swift in Sources */ = {isa = PBXBuildFile; fileRef = FA4973F2269B3BDD00D31FFA /* IngredientAnalysisViewController.swift */; };
		FA4973F5269B3BDD00D31FFA /* IngredientAnalysisViewController.xib in Resources */ = {isa = PBXBuildFile; fileRef = FA4973F3269B3BDD00D31FFA /* IngredientAnalysisViewController.xib */; };
		FA4973F8269B3BE900D31FFA /* IngredientNutritionFactsViewController.swift in Sources */ = {isa = PBXBuildFile; fileRef = FA4973F6269B3BE900D31FFA /* IngredientNutritionFactsViewController.swift */; };
		FA4973F9269B3BE900D31FFA /* IngredientNutritionFactsViewController.xib in Resources */ = {isa = PBXBuildFile; fileRef = FA4973F7269B3BE900D31FFA /* IngredientNutritionFactsViewController.xib */; };
		FA4973FB269B3C5600D31FFA /* DTOIngredient.swift in Sources */ = {isa = PBXBuildFile; fileRef = FA4973FA269B3C5600D31FFA /* DTOIngredient.swift */; };
		FA6CF3A82699CE4A00638DA6 /* Assets.xcassets in Resources */ = {isa = PBXBuildFile; fileRef = FA6CF3A72699CE4A00638DA6 /* Assets.xcassets */; };
		FA6CF3AB2699CE4A00638DA6 /* LaunchScreen.storyboard in Resources */ = {isa = PBXBuildFile; fileRef = FA6CF3A92699CE4A00638DA6 /* LaunchScreen.storyboard */; };
		FA6CF3B62699CE4A00638DA6 /* NutritionAnalysisTests.swift in Sources */ = {isa = PBXBuildFile; fileRef = FA6CF3B52699CE4A00638DA6 /* NutritionAnalysisTests.swift */; };
		FA6CF3C12699CE4A00638DA6 /* NutritionAnalysisUITests.swift in Sources */ = {isa = PBXBuildFile; fileRef = FA6CF3C02699CE4A00638DA6 /* NutritionAnalysisUITests.swift */; };
/* End PBXBuildFile section */

/* Begin PBXContainerItemProxy section */
		FA6CF3B22699CE4A00638DA6 /* PBXContainerItemProxy */ = {
			isa = PBXContainerItemProxy;
			containerPortal = FA6CF3932699CE4800638DA6 /* Project object */;
			proxyType = 1;
			remoteGlobalIDString = FA6CF39A2699CE4800638DA6;
			remoteInfo = NutritionAnalysis;
		};
		FA6CF3BD2699CE4A00638DA6 /* PBXContainerItemProxy */ = {
			isa = PBXContainerItemProxy;
			containerPortal = FA6CF3932699CE4800638DA6 /* Project object */;
			proxyType = 1;
			remoteGlobalIDString = FA6CF39A2699CE4800638DA6;
			remoteInfo = NutritionAnalysis;
		};
/* End PBXContainerItemProxy section */

/* Begin PBXFileReference section */
		0EB47D0617F987A114DC769B /* Pods-NutritionAnalysis-NutritionAnalysisUITests.debug.xcconfig */ = {isa = PBXFileReference; includeInIndex = 1; lastKnownFileType = text.xcconfig; name = "Pods-NutritionAnalysis-NutritionAnalysisUITests.debug.xcconfig"; path = "Target Support Files/Pods-NutritionAnalysis-NutritionAnalysisUITests/Pods-NutritionAnalysis-NutritionAnalysisUITests.debug.xcconfig"; sourceTree = "<group>"; };
		22BF2D2CDFF6A13DCB6E306C /* Pods-NutritionAnalysis.debug.xcconfig */ = {isa = PBXFileReference; includeInIndex = 1; lastKnownFileType = text.xcconfig; name = "Pods-NutritionAnalysis.debug.xcconfig"; path = "Target Support Files/Pods-NutritionAnalysis/Pods-NutritionAnalysis.debug.xcconfig"; sourceTree = "<group>"; };
		3ED6D8C9885979B38EF27F63 /* Pods-NutritionAnalysisTests.debug.xcconfig */ = {isa = PBXFileReference; includeInIndex = 1; lastKnownFileType = text.xcconfig; name = "Pods-NutritionAnalysisTests.debug.xcconfig"; path = "Target Support Files/Pods-NutritionAnalysisTests/Pods-NutritionAnalysisTests.debug.xcconfig"; sourceTree = "<group>"; };
		532D5A86237CDC209506F3F8 /* Pods_NutritionAnalysis.framework */ = {isa = PBXFileReference; explicitFileType = wrapper.framework; includeInIndex = 0; path = Pods_NutritionAnalysis.framework; sourceTree = BUILT_PRODUCTS_DIR; };
		68BE75FBA2D32532BAF33930 /* Pods-NutritionAnalysisTests.release.xcconfig */ = {isa = PBXFileReference; includeInIndex = 1; lastKnownFileType = text.xcconfig; name = "Pods-NutritionAnalysisTests.release.xcconfig"; path = "Target Support Files/Pods-NutritionAnalysisTests/Pods-NutritionAnalysisTests.release.xcconfig"; sourceTree = "<group>"; };
		71E451444E6073000613A977 /* Pods_NutritionAnalysisTests.framework */ = {isa = PBXFileReference; explicitFileType = wrapper.framework; includeInIndex = 0; path = Pods_NutritionAnalysisTests.framework; sourceTree = BUILT_PRODUCTS_DIR; };
		B393BBC443F8729C466862A8 /* Pods-NutritionAnalysis-NutritionAnalysisUITests.release.xcconfig */ = {isa = PBXFileReference; includeInIndex = 1; lastKnownFileType = text.xcconfig; name = "Pods-NutritionAnalysis-NutritionAnalysisUITests.release.xcconfig"; path = "Target Support Files/Pods-NutritionAnalysis-NutritionAnalysisUITests/Pods-NutritionAnalysis-NutritionAnalysisUITests.release.xcconfig"; sourceTree = "<group>"; };
		BAF2E0E30610B5892EF68351 /* Pods-NutritionAnalysis.release.xcconfig */ = {isa = PBXFileReference; includeInIndex = 1; lastKnownFileType = text.xcconfig; name = "Pods-NutritionAnalysis.release.xcconfig"; path = "Target Support Files/Pods-NutritionAnalysis/Pods-NutritionAnalysis.release.xcconfig"; sourceTree = "<group>"; };
		E4346EAFB434681B484AF398 /* Pods_NutritionAnalysis_NutritionAnalysisUITests.framework */ = {isa = PBXFileReference; explicitFileType = wrapper.framework; includeInIndex = 0; path = Pods_NutritionAnalysis_NutritionAnalysisUITests.framework; sourceTree = BUILT_PRODUCTS_DIR; };
		FA4973B02699E2CC00D31FFA /* AppDelegate.swift */ = {isa = PBXFileReference; fileEncoding = 4; lastKnownFileType = sourcecode.swift; path = AppDelegate.swift; sourceTree = "<group>"; };
		FA4973C92699E2CD00D31FFA /* IngredientViewModel.swift */ = {isa = PBXFileReference; fileEncoding = 4; lastKnownFileType = sourcecode.swift; path = IngredientViewModel.swift; sourceTree = "<group>"; };
		FA4973CB2699E2CE00D31FFA /* Ingredient.swift */ = {isa = PBXFileReference; fileEncoding = 4; lastKnownFileType = sourcecode.swift; path = Ingredient.swift; sourceTree = "<group>"; };
		FA4973CC2699E2CE00D31FFA /* RequestsHandler.swift */ = {isa = PBXFileReference; fileEncoding = 4; lastKnownFileType = sourcecode.swift; path = RequestsHandler.swift; sourceTree = "<group>"; };
		FA4973EE269B3BCF00D31FFA /* IngredientListViewController.swift */ = {isa = PBXFileReference; lastKnownFileType = sourcecode.swift; path = IngredientListViewController.swift; sourceTree = "<group>"; };
		FA4973EF269B3BCF00D31FFA /* IngredientListViewController.xib */ = {isa = PBXFileReference; lastKnownFileType = file.xib; path = IngredientListViewController.xib; sourceTree = "<group>"; };
		FA4973F2269B3BDD00D31FFA /* IngredientAnalysisViewController.swift */ = {isa = PBXFileReference; lastKnownFileType = sourcecode.swift; path = IngredientAnalysisViewController.swift; sourceTree = "<group>"; };
		FA4973F3269B3BDD00D31FFA /* IngredientAnalysisViewController.xib */ = {isa = PBXFileReference; lastKnownFileType = file.xib; path = IngredientAnalysisViewController.xib; sourceTree = "<group>"; };
		FA4973F6269B3BE900D31FFA /* IngredientNutritionFactsViewController.swift */ = {isa = PBXFileReference; lastKnownFileType = sourcecode.swift; path = IngredientNutritionFactsViewController.swift; sourceTree = "<group>"; };
		FA4973F7269B3BE900D31FFA /* IngredientNutritionFactsViewController.xib */ = {isa = PBXFileReference; lastKnownFileType = file.xib; path = IngredientNutritionFactsViewController.xib; sourceTree = "<group>"; };
		FA4973FA269B3C5600D31FFA /* DTOIngredient.swift */ = {isa = PBXFileReference; lastKnownFileType = sourcecode.swift; path = DTOIngredient.swift; sourceTree = "<group>"; };
		FA6CF39B2699CE4800638DA6 /* NutritionAnalysis.app */ = {isa = PBXFileReference; explicitFileType = wrapper.application; includeInIndex = 0; path = NutritionAnalysis.app; sourceTree = BUILT_PRODUCTS_DIR; };
		FA6CF3A72699CE4A00638DA6 /* Assets.xcassets */ = {isa = PBXFileReference; lastKnownFileType = folder.assetcatalog; path = Assets.xcassets; sourceTree = "<group>"; };
		FA6CF3AA2699CE4A00638DA6 /* Base */ = {isa = PBXFileReference; lastKnownFileType = file.storyboard; name = Base; path = Base.lproj/LaunchScreen.storyboard; sourceTree = "<group>"; };
		FA6CF3AC2699CE4A00638DA6 /* Info.plist */ = {isa = PBXFileReference; lastKnownFileType = text.plist.xml; path = Info.plist; sourceTree = "<group>"; };
		FA6CF3B12699CE4A00638DA6 /* NutritionAnalysisTests.xctest */ = {isa = PBXFileReference; explicitFileType = wrapper.cfbundle; includeInIndex = 0; path = NutritionAnalysisTests.xctest; sourceTree = BUILT_PRODUCTS_DIR; };
		FA6CF3B52699CE4A00638DA6 /* NutritionAnalysisTests.swift */ = {isa = PBXFileReference; lastKnownFileType = sourcecode.swift; path = NutritionAnalysisTests.swift; sourceTree = "<group>"; };
		FA6CF3B72699CE4A00638DA6 /* Info.plist */ = {isa = PBXFileReference; lastKnownFileType = text.plist.xml; path = Info.plist; sourceTree = "<group>"; };
		FA6CF3BC2699CE4A00638DA6 /* NutritionAnalysisUITests.xctest */ = {isa = PBXFileReference; explicitFileType = wrapper.cfbundle; includeInIndex = 0; path = NutritionAnalysisUITests.xctest; sourceTree = BUILT_PRODUCTS_DIR; };
		FA6CF3C02699CE4A00638DA6 /* NutritionAnalysisUITests.swift */ = {isa = PBXFileReference; lastKnownFileType = sourcecode.swift; path = NutritionAnalysisUITests.swift; sourceTree = "<group>"; };
		FA6CF3C22699CE4A00638DA6 /* Info.plist */ = {isa = PBXFileReference; lastKnownFileType = text.plist.xml; path = Info.plist; sourceTree = "<group>"; };
/* End PBXFileReference section */

/* Begin PBXFrameworksBuildPhase section */
		FA6CF3982699CE4800638DA6 /* Frameworks */ = {
			isa = PBXFrameworksBuildPhase;
			buildActionMask = 2147483647;
			files = (
				F15ADB9D345089B285FD9CBA /* Pods_NutritionAnalysis.framework in Frameworks */,
			);
			runOnlyForDeploymentPostprocessing = 0;
		};
		FA6CF3AE2699CE4A00638DA6 /* Frameworks */ = {
			isa = PBXFrameworksBuildPhase;
			buildActionMask = 2147483647;
			files = (
				19E9F05091C46C5315F3EBC7 /* Pods_NutritionAnalysisTests.framework in Frameworks */,
			);
			runOnlyForDeploymentPostprocessing = 0;
		};
		FA6CF3B92699CE4A00638DA6 /* Frameworks */ = {
			isa = PBXFrameworksBuildPhase;
			buildActionMask = 2147483647;
			files = (
				E4A4797B09E96835ABBAD022 /* Pods_NutritionAnalysis_NutritionAnalysisUITests.framework in Frameworks */,
			);
			runOnlyForDeploymentPostprocessing = 0;
		};
/* End PBXFrameworksBuildPhase section */

/* Begin PBXGroup section */
		22156C84C0BD052A0DABB563 /* Frameworks */ = {
			isa = PBXGroup;
			children = (
				532D5A86237CDC209506F3F8 /* Pods_NutritionAnalysis.framework */,
				E4346EAFB434681B484AF398 /* Pods_NutritionAnalysis_NutritionAnalysisUITests.framework */,
				71E451444E6073000613A977 /* Pods_NutritionAnalysisTests.framework */,
			);
			name = Frameworks;
			sourceTree = "<group>";
		};
		FA4973AF2699E2CC00D31FFA /* Common */ = {
			isa = PBXGroup;
			children = (
				FA4973B02699E2CC00D31FFA /* AppDelegate.swift */,
			);
			path = Common;
			sourceTree = "<group>";
		};
		FA4973B12699E2CD00D31FFA /* Models */ = {
			isa = PBXGroup;
			children = (
				FA4973FA269B3C5600D31FFA /* DTOIngredient.swift */,
			);
			path = Models;
			sourceTree = "<group>";
		};
		FA4973B52699E2CD00D31FFA /* Helper */ = {
			isa = PBXGroup;
			children = (
			);
			path = Helper;
			sourceTree = "<group>";
		};
		FA4973B72699E2CD00D31FFA /* Views */ = {
			isa = PBXGroup;
			children = (
				FA4973ED269B3BAE00D31FFA /* IngredientNutritionFactsViewController */,
				FA4973EC269B3B5A00D31FFA /* IngredientAnalysisViewController */,
				FA4973EB269B3B4500D31FFA /* IngredientListViewController */,
			);
			path = Views;
			sourceTree = "<group>";
		};
		FA4973C82699E2CD00D31FFA /* ViewModels */ = {
			isa = PBXGroup;
			children = (
				FA4973C92699E2CD00D31FFA /* IngredientViewModel.swift */,
			);
			path = ViewModels;
			sourceTree = "<group>";
		};
		FA4973CA2699E2CE00D31FFA /* Network */ = {
			isa = PBXGroup;
			children = (
				FA4973CB2699E2CE00D31FFA /* Ingredient.swift */,
				FA4973CC2699E2CE00D31FFA /* RequestsHandler.swift */,
			);
			path = Network;
			sourceTree = "<group>";
		};
		FA4973EB269B3B4500D31FFA /* IngredientListViewController */ = {
			isa = PBXGroup;
			children = (
				FA4973EE269B3BCF00D31FFA /* IngredientListViewController.swift */,
				FA4973EF269B3BCF00D31FFA /* IngredientListViewController.xib */,
			);
			path = IngredientListViewController;
			sourceTree = "<group>";
		};
		FA4973EC269B3B5A00D31FFA /* IngredientAnalysisViewController */ = {
			isa = PBXGroup;
			children = (
				FA4973F2269B3BDD00D31FFA /* IngredientAnalysisViewController.swift */,
				FA4973F3269B3BDD00D31FFA /* IngredientAnalysisViewController.xib */,
			);
			path = IngredientAnalysisViewController;
			sourceTree = "<group>";
		};
		FA4973ED269B3BAE00D31FFA /* IngredientNutritionFactsViewController */ = {
			isa = PBXGroup;
			children = (
				FA4973F6269B3BE900D31FFA /* IngredientNutritionFactsViewController.swift */,
				FA4973F7269B3BE900D31FFA /* IngredientNutritionFactsViewController.xib */,
			);
			path = IngredientNutritionFactsViewController;
			sourceTree = "<group>";
		};
		FA6CF3922699CE4800638DA6 = {
			isa = PBXGroup;
			children = (
				FA6CF39D2699CE4800638DA6 /* NutritionAnalysis */,
				FA6CF3B42699CE4A00638DA6 /* NutritionAnalysisTests */,
				FA6CF3BF2699CE4A00638DA6 /* NutritionAnalysisUITests */,
				FA6CF39C2699CE4800638DA6 /* Products */,
				FB7BD37D1B8CA19D898D835E /* Pods */,
				22156C84C0BD052A0DABB563 /* Frameworks */,
			);
			sourceTree = "<group>";
		};
		FA6CF39C2699CE4800638DA6 /* Products */ = {
			isa = PBXGroup;
			children = (
				FA6CF39B2699CE4800638DA6 /* NutritionAnalysis.app */,
				FA6CF3B12699CE4A00638DA6 /* NutritionAnalysisTests.xctest */,
				FA6CF3BC2699CE4A00638DA6 /* NutritionAnalysisUITests.xctest */,
			);
			name = Products;
			sourceTree = "<group>";
		};
		FA6CF39D2699CE4800638DA6 /* NutritionAnalysis */ = {
			isa = PBXGroup;
			children = (
				FA4973AF2699E2CC00D31FFA /* Common */,
				FA4973B52699E2CD00D31FFA /* Helper */,
				FA4973B12699E2CD00D31FFA /* Models */,
				FA4973CA2699E2CE00D31FFA /* Network */,
				FA4973C82699E2CD00D31FFA /* ViewModels */,
				FA4973B72699E2CD00D31FFA /* Views */,
				FA6CF3A72699CE4A00638DA6 /* Assets.xcassets */,
				FA6CF3A92699CE4A00638DA6 /* LaunchScreen.storyboard */,
				FA6CF3AC2699CE4A00638DA6 /* Info.plist */,
			);
			path = NutritionAnalysis;
			sourceTree = "<group>";
		};
		FA6CF3B42699CE4A00638DA6 /* NutritionAnalysisTests */ = {
			isa = PBXGroup;
			children = (
				FA6CF3B52699CE4A00638DA6 /* NutritionAnalysisTests.swift */,
				FA6CF3B72699CE4A00638DA6 /* Info.plist */,
			);
			path = NutritionAnalysisTests;
			sourceTree = "<group>";
		};
		FA6CF3BF2699CE4A00638DA6 /* NutritionAnalysisUITests */ = {
			isa = PBXGroup;
			children = (
				FA6CF3C02699CE4A00638DA6 /* NutritionAnalysisUITests.swift */,
				FA6CF3C22699CE4A00638DA6 /* Info.plist */,
			);
			path = NutritionAnalysisUITests;
			sourceTree = "<group>";
		};
		FB7BD37D1B8CA19D898D835E /* Pods */ = {
			isa = PBXGroup;
			children = (
				22BF2D2CDFF6A13DCB6E306C /* Pods-NutritionAnalysis.debug.xcconfig */,
				BAF2E0E30610B5892EF68351 /* Pods-NutritionAnalysis.release.xcconfig */,
				0EB47D0617F987A114DC769B /* Pods-NutritionAnalysis-NutritionAnalysisUITests.debug.xcconfig */,
				B393BBC443F8729C466862A8 /* Pods-NutritionAnalysis-NutritionAnalysisUITests.release.xcconfig */,
				3ED6D8C9885979B38EF27F63 /* Pods-NutritionAnalysisTests.debug.xcconfig */,
				68BE75FBA2D32532BAF33930 /* Pods-NutritionAnalysisTests.release.xcconfig */,
			);
			path = Pods;
			sourceTree = "<group>";
		};
/* End PBXGroup section */

/* Begin PBXNativeTarget section */
		FA6CF39A2699CE4800638DA6 /* NutritionAnalysis */ = {
			isa = PBXNativeTarget;
			buildConfigurationList = FA6CF3C52699CE4A00638DA6 /* Build configuration list for PBXNativeTarget "NutritionAnalysis" */;
			buildPhases = (
				71AC53DA0BFADB3491769801 /* [CP] Check Pods Manifest.lock */,
				FA6CF3972699CE4800638DA6 /* Sources */,
				FA6CF3982699CE4800638DA6 /* Frameworks */,
				FA6CF3992699CE4800638DA6 /* Resources */,
				59BD347F25FAC0EAAC916813 /* [CP] Embed Pods Frameworks */,
			);
			buildRules = (
			);
			dependencies = (
			);
			name = NutritionAnalysis;
			productName = NutritionAnalysis;
			productReference = FA6CF39B2699CE4800638DA6 /* NutritionAnalysis.app */;
			productType = "com.apple.product-type.application";
		};
		FA6CF3B02699CE4A00638DA6 /* NutritionAnalysisTests */ = {
			isa = PBXNativeTarget;
			buildConfigurationList = FA6CF3C82699CE4A00638DA6 /* Build configuration list for PBXNativeTarget "NutritionAnalysisTests" */;
			buildPhases = (
				D3D3BAC21B7D7DBA8F59D513 /* [CP] Check Pods Manifest.lock */,
				FA6CF3AD2699CE4A00638DA6 /* Sources */,
				FA6CF3AE2699CE4A00638DA6 /* Frameworks */,
				FA6CF3AF2699CE4A00638DA6 /* Resources */,
			);
			buildRules = (
			);
			dependencies = (
				FA6CF3B32699CE4A00638DA6 /* PBXTargetDependency */,
			);
			name = NutritionAnalysisTests;
			productName = NutritionAnalysisTests;
			productReference = FA6CF3B12699CE4A00638DA6 /* NutritionAnalysisTests.xctest */;
			productType = "com.apple.product-type.bundle.unit-test";
		};
		FA6CF3BB2699CE4A00638DA6 /* NutritionAnalysisUITests */ = {
			isa = PBXNativeTarget;
			buildConfigurationList = FA6CF3CB2699CE4A00638DA6 /* Build configuration list for PBXNativeTarget "NutritionAnalysisUITests" */;
			buildPhases = (
				EFA4DC5CAB488866EDC6225A /* [CP] Check Pods Manifest.lock */,
				FA6CF3B82699CE4A00638DA6 /* Sources */,
				FA6CF3B92699CE4A00638DA6 /* Frameworks */,
				FA6CF3BA2699CE4A00638DA6 /* Resources */,
				7E22C8D200E4F2FBAC711A8C /* [CP] Embed Pods Frameworks */,
			);
			buildRules = (
			);
			dependencies = (
				FA6CF3BE2699CE4A00638DA6 /* PBXTargetDependency */,
			);
			name = NutritionAnalysisUITests;
			productName = NutritionAnalysisUITests;
			productReference = FA6CF3BC2699CE4A00638DA6 /* NutritionAnalysisUITests.xctest */;
			productType = "com.apple.product-type.bundle.ui-testing";
		};
/* End PBXNativeTarget section */

/* Begin PBXProject section */
		FA6CF3932699CE4800638DA6 /* Project object */ = {
			isa = PBXProject;
			attributes = {
				LastSwiftUpdateCheck = 1250;
				LastUpgradeCheck = 1250;
				TargetAttributes = {
					FA6CF39A2699CE4800638DA6 = {
						CreatedOnToolsVersion = 12.5.1;
					};
					FA6CF3B02699CE4A00638DA6 = {
						CreatedOnToolsVersion = 12.5.1;
						TestTargetID = FA6CF39A2699CE4800638DA6;
					};
					FA6CF3BB2699CE4A00638DA6 = {
						CreatedOnToolsVersion = 12.5.1;
						TestTargetID = FA6CF39A2699CE4800638DA6;
					};
				};
			};
			buildConfigurationList = FA6CF3962699CE4800638DA6 /* Build configuration list for PBXProject "NutritionAnalysis" */;
			compatibilityVersion = "Xcode 9.3";
			developmentRegion = en;
			hasScannedForEncodings = 0;
			knownRegions = (
				en,
				Base,
			);
			mainGroup = FA6CF3922699CE4800638DA6;
			productRefGroup = FA6CF39C2699CE4800638DA6 /* Products */;
			projectDirPath = "";
			projectRoot = "";
			targets = (
				FA6CF39A2699CE4800638DA6 /* NutritionAnalysis */,
				FA6CF3B02699CE4A00638DA6 /* NutritionAnalysisTests */,
				FA6CF3BB2699CE4A00638DA6 /* NutritionAnalysisUITests */,
			);
		};
/* End PBXProject section */

/* Begin PBXResourcesBuildPhase section */
		FA6CF3992699CE4800638DA6 /* Resources */ = {
			isa = PBXResourcesBuildPhase;
			buildActionMask = 2147483647;
			files = (
				FA4973F9269B3BE900D31FFA /* IngredientNutritionFactsViewController.xib in Resources */,
				FA6CF3AB2699CE4A00638DA6 /* LaunchScreen.storyboard in Resources */,
				FA6CF3A82699CE4A00638DA6 /* Assets.xcassets in Resources */,
				FA4973F1269B3BCF00D31FFA /* IngredientListViewController.xib in Resources */,
				FA4973F5269B3BDD00D31FFA /* IngredientAnalysisViewController.xib in Resources */,
			);
			runOnlyForDeploymentPostprocessing = 0;
		};
		FA6CF3AF2699CE4A00638DA6 /* Resources */ = {
			isa = PBXResourcesBuildPhase;
			buildActionMask = 2147483647;
			files = (
			);
			runOnlyForDeploymentPostprocessing = 0;
		};
		FA6CF3BA2699CE4A00638DA6 /* Resources */ = {
			isa = PBXResourcesBuildPhase;
			buildActionMask = 2147483647;
			files = (
			);
			runOnlyForDeploymentPostprocessing = 0;
		};
/* End PBXResourcesBuildPhase section */

/* Begin PBXShellScriptBuildPhase section */
		59BD347F25FAC0EAAC916813 /* [CP] Embed Pods Frameworks */ = {
			isa = PBXShellScriptBuildPhase;
			buildActionMask = 2147483647;
			files = (
			);
			inputFileListPaths = (
				"${PODS_ROOT}/Target Support Files/Pods-NutritionAnalysis/Pods-NutritionAnalysis-frameworks-${CONFIGURATION}-input-files.xcfilelist",
			);
			name = "[CP] Embed Pods Frameworks";
			outputFileListPaths = (
				"${PODS_ROOT}/Target Support Files/Pods-NutritionAnalysis/Pods-NutritionAnalysis-frameworks-${CONFIGURATION}-output-files.xcfilelist",
			);
			runOnlyForDeploymentPostprocessing = 0;
			shellPath = /bin/sh;
			shellScript = "\"${PODS_ROOT}/Target Support Files/Pods-NutritionAnalysis/Pods-NutritionAnalysis-frameworks.sh\"\n";
			showEnvVarsInLog = 0;
		};
		71AC53DA0BFADB3491769801 /* [CP] Check Pods Manifest.lock */ = {
			isa = PBXShellScriptBuildPhase;
			buildActionMask = 2147483647;
			files = (
			);
			inputFileListPaths = (
			);
			inputPaths = (
				"${PODS_PODFILE_DIR_PATH}/Podfile.lock",
				"${PODS_ROOT}/Manifest.lock",
			);
			name = "[CP] Check Pods Manifest.lock";
			outputFileListPaths = (
			);
			outputPaths = (
				"$(DERIVED_FILE_DIR)/Pods-NutritionAnalysis-checkManifestLockResult.txt",
			);
			runOnlyForDeploymentPostprocessing = 0;
			shellPath = /bin/sh;
			shellScript = "diff \"${PODS_PODFILE_DIR_PATH}/Podfile.lock\" \"${PODS_ROOT}/Manifest.lock\" > /dev/null\nif [ $? != 0 ] ; then\n    # print error to STDERR\n    echo \"error: The sandbox is not in sync with the Podfile.lock. Run 'pod install' or update your CocoaPods installation.\" >&2\n    exit 1\nfi\n# This output is used by Xcode 'outputs' to avoid re-running this script phase.\necho \"SUCCESS\" > \"${SCRIPT_OUTPUT_FILE_0}\"\n";
			showEnvVarsInLog = 0;
		};
		7E22C8D200E4F2FBAC711A8C /* [CP] Embed Pods Frameworks */ = {
			isa = PBXShellScriptBuildPhase;
			buildActionMask = 2147483647;
			files = (
			);
			inputFileListPaths = (
				"${PODS_ROOT}/Target Support Files/Pods-NutritionAnalysis-NutritionAnalysisUITests/Pods-NutritionAnalysis-NutritionAnalysisUITests-frameworks-${CONFIGURATION}-input-files.xcfilelist",
			);
			name = "[CP] Embed Pods Frameworks";
			outputFileListPaths = (
				"${PODS_ROOT}/Target Support Files/Pods-NutritionAnalysis-NutritionAnalysisUITests/Pods-NutritionAnalysis-NutritionAnalysisUITests-frameworks-${CONFIGURATION}-output-files.xcfilelist",
			);
			runOnlyForDeploymentPostprocessing = 0;
			shellPath = /bin/sh;
			shellScript = "\"${PODS_ROOT}/Target Support Files/Pods-NutritionAnalysis-NutritionAnalysisUITests/Pods-NutritionAnalysis-NutritionAnalysisUITests-frameworks.sh\"\n";
			showEnvVarsInLog = 0;
		};
		D3D3BAC21B7D7DBA8F59D513 /* [CP] Check Pods Manifest.lock */ = {
			isa = PBXShellScriptBuildPhase;
			buildActionMask = 2147483647;
			files = (
			);
			inputFileListPaths = (
			);
			inputPaths = (
				"${PODS_PODFILE_DIR_PATH}/Podfile.lock",
				"${PODS_ROOT}/Manifest.lock",
			);
			name = "[CP] Check Pods Manifest.lock";
			outputFileListPaths = (
			);
			outputPaths = (
				"$(DERIVED_FILE_DIR)/Pods-NutritionAnalysisTests-checkManifestLockResult.txt",
			);
			runOnlyForDeploymentPostprocessing = 0;
			shellPath = /bin/sh;
			shellScript = "diff \"${PODS_PODFILE_DIR_PATH}/Podfile.lock\" \"${PODS_ROOT}/Manifest.lock\" > /dev/null\nif [ $? != 0 ] ; then\n    # print error to STDERR\n    echo \"error: The sandbox is not in sync with the Podfile.lock. Run 'pod install' or update your CocoaPods installation.\" >&2\n    exit 1\nfi\n# This output is used by Xcode 'outputs' to avoid re-running this script phase.\necho \"SUCCESS\" > \"${SCRIPT_OUTPUT_FILE_0}\"\n";
			showEnvVarsInLog = 0;
		};
		EFA4DC5CAB488866EDC6225A /* [CP] Check Pods Manifest.lock */ = {
			isa = PBXShellScriptBuildPhase;
			buildActionMask = 2147483647;
			files = (
			);
			inputFileListPaths = (
			);
			inputPaths = (
				"${PODS_PODFILE_DIR_PATH}/Podfile.lock",
				"${PODS_ROOT}/Manifest.lock",
			);
			name = "[CP] Check Pods Manifest.lock";
			outputFileListPaths = (
			);
			outputPaths = (
				"$(DERIVED_FILE_DIR)/Pods-NutritionAnalysis-NutritionAnalysisUITests-checkManifestLockResult.txt",
			);
			runOnlyForDeploymentPostprocessing = 0;
			shellPath = /bin/sh;
			shellScript = "diff \"${PODS_PODFILE_DIR_PATH}/Podfile.lock\" \"${PODS_ROOT}/Manifest.lock\" > /dev/null\nif [ $? != 0 ] ; then\n    # print error to STDERR\n    echo \"error: The sandbox is not in sync with the Podfile.lock. Run 'pod install' or update your CocoaPods installation.\" >&2\n    exit 1\nfi\n# This output is used by Xcode 'outputs' to avoid re-running this script phase.\necho \"SUCCESS\" > \"${SCRIPT_OUTPUT_FILE_0}\"\n";
			showEnvVarsInLog = 0;
		};
/* End PBXShellScriptBuildPhase section */

/* Begin PBXSourcesBuildPhase section */
		FA6CF3972699CE4800638DA6 /* Sources */ = {
			isa = PBXSourcesBuildPhase;
			buildActionMask = 2147483647;
			files = (
				FA4973DB2699E2CE00D31FFA /* IngredientViewModel.swift in Sources */,
				FA4973F0269B3BCF00D31FFA /* IngredientListViewController.swift in Sources */,
				FA4973CD2699E2CE00D31FFA /* AppDelegate.swift in Sources */,
				FA4973DC2699E2CE00D31FFA /* Ingredient.swift in Sources */,
				FA4973F8269B3BE900D31FFA /* IngredientNutritionFactsViewController.swift in Sources */,
				FA4973F4269B3BDD00D31FFA /* IngredientAnalysisViewController.swift in Sources */,
				FA4973FB269B3C5600D31FFA /* DTOIngredient.swift in Sources */,
				FA4973DD2699E2CE00D31FFA /* RequestsHandler.swift in Sources */,
			);
			runOnlyForDeploymentPostprocessing = 0;
		};
		FA6CF3AD2699CE4A00638DA6 /* Sources */ = {
			isa = PBXSourcesBuildPhase;
			buildActionMask = 2147483647;
			files = (
				FA6CF3B62699CE4A00638DA6 /* NutritionAnalysisTests.swift in Sources */,
			);
			runOnlyForDeploymentPostprocessing = 0;
		};
		FA6CF3B82699CE4A00638DA6 /* Sources */ = {
			isa = PBXSourcesBuildPhase;
			buildActionMask = 2147483647;
			files = (
				FA6CF3C12699CE4A00638DA6 /* NutritionAnalysisUITests.swift in Sources */,
			);
			runOnlyForDeploymentPostprocessing = 0;
		};
/* End PBXSourcesBuildPhase section */

/* Begin PBXTargetDependency section */
		FA6CF3B32699CE4A00638DA6 /* PBXTargetDependency */ = {
			isa = PBXTargetDependency;
			target = FA6CF39A2699CE4800638DA6 /* NutritionAnalysis */;
			targetProxy = FA6CF3B22699CE4A00638DA6 /* PBXContainerItemProxy */;
		};
		FA6CF3BE2699CE4A00638DA6 /* PBXTargetDependency */ = {
			isa = PBXTargetDependency;
			target = FA6CF39A2699CE4800638DA6 /* NutritionAnalysis */;
			targetProxy = FA6CF3BD2699CE4A00638DA6 /* PBXContainerItemProxy */;
		};
/* End PBXTargetDependency section */

/* Begin PBXVariantGroup section */
		FA6CF3A92699CE4A00638DA6 /* LaunchScreen.storyboard */ = {
			isa = PBXVariantGroup;
			children = (
				FA6CF3AA2699CE4A00638DA6 /* Base */,
			);
			name = LaunchScreen.storyboard;
			sourceTree = "<group>";
		};
/* End PBXVariantGroup section */

/* Begin XCBuildConfiguration section */
		FA6CF3C32699CE4A00638DA6 /* Debug */ = {
			isa = XCBuildConfiguration;
			buildSettings = {
				ALWAYS_SEARCH_USER_PATHS = NO;
				CLANG_ANALYZER_NONNULL = YES;
				CLANG_ANALYZER_NUMBER_OBJECT_CONVERSION = YES_AGGRESSIVE;
				CLANG_CXX_LANGUAGE_STANDARD = "gnu++14";
				CLANG_CXX_LIBRARY = "libc++";
				CLANG_ENABLE_MODULES = YES;
				CLANG_ENABLE_OBJC_ARC = YES;
				CLANG_ENABLE_OBJC_WEAK = YES;
				CLANG_WARN_BLOCK_CAPTURE_AUTORELEASING = YES;
				CLANG_WARN_BOOL_CONVERSION = YES;
				CLANG_WARN_COMMA = YES;
				CLANG_WARN_CONSTANT_CONVERSION = YES;
				CLANG_WARN_DEPRECATED_OBJC_IMPLEMENTATIONS = YES;
				CLANG_WARN_DIRECT_OBJC_ISA_USAGE = YES_ERROR;
				CLANG_WARN_DOCUMENTATION_COMMENTS = YES;
				CLANG_WARN_EMPTY_BODY = YES;
				CLANG_WARN_ENUM_CONVERSION = YES;
				CLANG_WARN_INFINITE_RECURSION = YES;
				CLANG_WARN_INT_CONVERSION = YES;
				CLANG_WARN_NON_LITERAL_NULL_CONVERSION = YES;
				CLANG_WARN_OBJC_IMPLICIT_RETAIN_SELF = YES;
				CLANG_WARN_OBJC_LITERAL_CONVERSION = YES;
				CLANG_WARN_OBJC_ROOT_CLASS = YES_ERROR;
				CLANG_WARN_QUOTED_INCLUDE_IN_FRAMEWORK_HEADER = YES;
				CLANG_WARN_RANGE_LOOP_ANALYSIS = YES;
				CLANG_WARN_STRICT_PROTOTYPES = YES;
				CLANG_WARN_SUSPICIOUS_MOVE = YES;
				CLANG_WARN_UNGUARDED_AVAILABILITY = YES_AGGRESSIVE;
				CLANG_WARN_UNREACHABLE_CODE = YES;
				CLANG_WARN__DUPLICATE_METHOD_MATCH = YES;
				COPY_PHASE_STRIP = NO;
				DEBUG_INFORMATION_FORMAT = dwarf;
				ENABLE_STRICT_OBJC_MSGSEND = YES;
				ENABLE_TESTABILITY = YES;
				GCC_C_LANGUAGE_STANDARD = gnu11;
				GCC_DYNAMIC_NO_PIC = NO;
				GCC_NO_COMMON_BLOCKS = YES;
				GCC_OPTIMIZATION_LEVEL = 0;
				GCC_PREPROCESSOR_DEFINITIONS = (
					"DEBUG=1",
					"$(inherited)",
				);
				GCC_WARN_64_TO_32_BIT_CONVERSION = YES;
				GCC_WARN_ABOUT_RETURN_TYPE = YES_ERROR;
				GCC_WARN_UNDECLARED_SELECTOR = YES;
				GCC_WARN_UNINITIALIZED_AUTOS = YES_AGGRESSIVE;
				GCC_WARN_UNUSED_FUNCTION = YES;
				GCC_WARN_UNUSED_VARIABLE = YES;
				IPHONEOS_DEPLOYMENT_TARGET = 14.5;
				MTL_ENABLE_DEBUG_INFO = INCLUDE_SOURCE;
				MTL_FAST_MATH = YES;
				ONLY_ACTIVE_ARCH = YES;
				SDKROOT = iphoneos;
				SWIFT_ACTIVE_COMPILATION_CONDITIONS = DEBUG;
				SWIFT_OPTIMIZATION_LEVEL = "-Onone";
			};
			name = Debug;
		};
		FA6CF3C42699CE4A00638DA6 /* Release */ = {
			isa = XCBuildConfiguration;
			buildSettings = {
				ALWAYS_SEARCH_USER_PATHS = NO;
				CLANG_ANALYZER_NONNULL = YES;
				CLANG_ANALYZER_NUMBER_OBJECT_CONVERSION = YES_AGGRESSIVE;
				CLANG_CXX_LANGUAGE_STANDARD = "gnu++14";
				CLANG_CXX_LIBRARY = "libc++";
				CLANG_ENABLE_MODULES = YES;
				CLANG_ENABLE_OBJC_ARC = YES;
				CLANG_ENABLE_OBJC_WEAK = YES;
				CLANG_WARN_BLOCK_CAPTURE_AUTORELEASING = YES;
				CLANG_WARN_BOOL_CONVERSION = YES;
				CLANG_WARN_COMMA = YES;
				CLANG_WARN_CONSTANT_CONVERSION = YES;
				CLANG_WARN_DEPRECATED_OBJC_IMPLEMENTATIONS = YES;
				CLANG_WARN_DIRECT_OBJC_ISA_USAGE = YES_ERROR;
				CLANG_WARN_DOCUMENTATION_COMMENTS = YES;
				CLANG_WARN_EMPTY_BODY = YES;
				CLANG_WARN_ENUM_CONVERSION = YES;
				CLANG_WARN_INFINITE_RECURSION = YES;
				CLANG_WARN_INT_CONVERSION = YES;
				CLANG_WARN_NON_LITERAL_NULL_CONVERSION = YES;
				CLANG_WARN_OBJC_IMPLICIT_RETAIN_SELF = YES;
				CLANG_WARN_OBJC_LITERAL_CONVERSION = YES;
				CLANG_WARN_OBJC_ROOT_CLASS = YES_ERROR;
				CLANG_WARN_QUOTED_INCLUDE_IN_FRAMEWORK_HEADER = YES;
				CLANG_WARN_RANGE_LOOP_ANALYSIS = YES;
				CLANG_WARN_STRICT_PROTOTYPES = YES;
				CLANG_WARN_SUSPICIOUS_MOVE = YES;
				CLANG_WARN_UNGUARDED_AVAILABILITY = YES_AGGRESSIVE;
				CLANG_WARN_UNREACHABLE_CODE = YES;
				CLANG_WARN__DUPLICATE_METHOD_MATCH = YES;
				COPY_PHASE_STRIP = NO;
				DEBUG_INFORMATION_FORMAT = "dwarf-with-dsym";
				ENABLE_NS_ASSERTIONS = NO;
				ENABLE_STRICT_OBJC_MSGSEND = YES;
				GCC_C_LANGUAGE_STANDARD = gnu11;
				GCC_NO_COMMON_BLOCKS = YES;
				GCC_WARN_64_TO_32_BIT_CONVERSION = YES;
				GCC_WARN_ABOUT_RETURN_TYPE = YES_ERROR;
				GCC_WARN_UNDECLARED_SELECTOR = YES;
				GCC_WARN_UNINITIALIZED_AUTOS = YES_AGGRESSIVE;
				GCC_WARN_UNUSED_FUNCTION = YES;
				GCC_WARN_UNUSED_VARIABLE = YES;
				IPHONEOS_DEPLOYMENT_TARGET = 14.5;
				MTL_ENABLE_DEBUG_INFO = NO;
				MTL_FAST_MATH = YES;
				SDKROOT = iphoneos;
				SWIFT_COMPILATION_MODE = wholemodule;
				SWIFT_OPTIMIZATION_LEVEL = "-O";
				VALIDATE_PRODUCT = YES;
			};
			name = Release;
		};
		FA6CF3C62699CE4A00638DA6 /* Debug */ = {
			isa = XCBuildConfiguration;
			baseConfigurationReference = 22BF2D2CDFF6A13DCB6E306C /* Pods-NutritionAnalysis.debug.xcconfig */;
			buildSettings = {
				ASSETCATALOG_COMPILER_APPICON_NAME = AppIcon;
				ASSETCATALOG_COMPILER_GLOBAL_ACCENT_COLOR_NAME = AccentColor;
				CODE_SIGN_STYLE = Automatic;
				INFOPLIST_FILE = NutritionAnalysis/Info.plist;
				LD_RUNPATH_SEARCH_PATHS = (
					"$(inherited)",
					"@executable_path/Frameworks",
				);
				PRODUCT_BUNDLE_IDENTIFIER = Yassmin.NutritionAnalysis;
				PRODUCT_NAME = "$(TARGET_NAME)";
				SWIFT_VERSION = 5.0;
				TARGETED_DEVICE_FAMILY = "1,2";
			};
			name = Debug;
		};
		FA6CF3C72699CE4A00638DA6 /* Release */ = {
			isa = XCBuildConfiguration;
			baseConfigurationReference = BAF2E0E30610B5892EF68351 /* Pods-NutritionAnalysis.release.xcconfig */;
			buildSettings = {
				ASSETCATALOG_COMPILER_APPICON_NAME = AppIcon;
				ASSETCATALOG_COMPILER_GLOBAL_ACCENT_COLOR_NAME = AccentColor;
				CODE_SIGN_STYLE = Automatic;
				INFOPLIST_FILE = NutritionAnalysis/Info.plist;
				LD_RUNPATH_SEARCH_PATHS = (
					"$(inherited)",
					"@executable_path/Frameworks",
				);
				PRODUCT_BUNDLE_IDENTIFIER = Yassmin.NutritionAnalysis;
				PRODUCT_NAME = "$(TARGET_NAME)";
				SWIFT_VERSION = 5.0;
				TARGETED_DEVICE_FAMILY = "1,2";
			};
			name = Release;
		};
		FA6CF3C92699CE4A00638DA6 /* Debug */ = {
			isa = XCBuildConfiguration;
			baseConfigurationReference = 3ED6D8C9885979B38EF27F63 /* Pods-NutritionAnalysisTests.debug.xcconfig */;
			buildSettings = {
				ALWAYS_EMBED_SWIFT_STANDARD_LIBRARIES = YES;
				BUNDLE_LOADER = "$(TEST_HOST)";
				CODE_SIGN_STYLE = Automatic;
				INFOPLIST_FILE = NutritionAnalysisTests/Info.plist;
				IPHONEOS_DEPLOYMENT_TARGET = 14.5;
				LD_RUNPATH_SEARCH_PATHS = (
					"$(inherited)",
					"@executable_path/Frameworks",
					"@loader_path/Frameworks",
				);
				PRODUCT_BUNDLE_IDENTIFIER = Yassmin.NutritionAnalysisTests;
				PRODUCT_NAME = "$(TARGET_NAME)";
				SWIFT_VERSION = 5.0;
				TARGETED_DEVICE_FAMILY = "1,2";
				TEST_HOST = "$(BUILT_PRODUCTS_DIR)/NutritionAnalysis.app/NutritionAnalysis";
			};
			name = Debug;
		};
		FA6CF3CA2699CE4A00638DA6 /* Release */ = {
			isa = XCBuildConfiguration;
			baseConfigurationReference = 68BE75FBA2D32532BAF33930 /* Pods-NutritionAnalysisTests.release.xcconfig */;
			buildSettings = {
				ALWAYS_EMBED_SWIFT_STANDARD_LIBRARIES = YES;
				BUNDLE_LOADER = "$(TEST_HOST)";
				CODE_SIGN_STYLE = Automatic;
				INFOPLIST_FILE = NutritionAnalysisTests/Info.plist;
				IPHONEOS_DEPLOYMENT_TARGET = 14.5;
				LD_RUNPATH_SEARCH_PATHS = (
					"$(inherited)",
					"@executable_path/Frameworks",
					"@loader_path/Frameworks",
				);
				PRODUCT_BUNDLE_IDENTIFIER = Yassmin.NutritionAnalysisTests;
				PRODUCT_NAME = "$(TARGET_NAME)";
				SWIFT_VERSION = 5.0;
				TARGETED_DEVICE_FAMILY = "1,2";
				TEST_HOST = "$(BUILT_PRODUCTS_DIR)/NutritionAnalysis.app/NutritionAnalysis";
			};
			name = Release;
		};
		FA6CF3CC2699CE4A00638DA6 /* Debug */ = {
			isa = XCBuildConfiguration;
			baseConfigurationReference = 0EB47D0617F987A114DC769B /* Pods-NutritionAnalysis-NutritionAnalysisUITests.debug.xcconfig */;
			buildSettings = {
				ALWAYS_EMBED_SWIFT_STANDARD_LIBRARIES = YES;
				CODE_SIGN_STYLE = Automatic;
				INFOPLIST_FILE = NutritionAnalysisUITests/Info.plist;
				LD_RUNPATH_SEARCH_PATHS = (
					"$(inherited)",
					"@executable_path/Frameworks",
					"@loader_path/Frameworks",
				);
				PRODUCT_BUNDLE_IDENTIFIER = Yassmin.NutritionAnalysisUITests;
				PRODUCT_NAME = "$(TARGET_NAME)";
				SWIFT_VERSION = 5.0;
				TARGETED_DEVICE_FAMILY = "1,2";
				TEST_TARGET_NAME = NutritionAnalysis;
			};
			name = Debug;
		};
		FA6CF3CD2699CE4A00638DA6 /* Release */ = {
			isa = XCBuildConfiguration;
			baseConfigurationReference = B393BBC443F8729C466862A8 /* Pods-NutritionAnalysis-NutritionAnalysisUITests.release.xcconfig */;
			buildSettings = {
				ALWAYS_EMBED_SWIFT_STANDARD_LIBRARIES = YES;
				CODE_SIGN_STYLE = Automatic;
				INFOPLIST_FILE = NutritionAnalysisUITests/Info.plist;
				LD_RUNPATH_SEARCH_PATHS = (
					"$(inherited)",
					"@executable_path/Frameworks",
					"@loader_path/Frameworks",
				);
				PRODUCT_BUNDLE_IDENTIFIER = Yassmin.NutritionAnalysisUITests;
				PRODUCT_NAME = "$(TARGET_NAME)";
				SWIFT_VERSION = 5.0;
				TARGETED_DEVICE_FAMILY = "1,2";
				TEST_TARGET_NAME = NutritionAnalysis;
			};
			name = Release;
		};
/* End XCBuildConfiguration section */

/* Begin XCConfigurationList section */
		FA6CF3962699CE4800638DA6 /* Build configuration list for PBXProject "NutritionAnalysis" */ = {
			isa = XCConfigurationList;
			buildConfigurations = (
				FA6CF3C32699CE4A00638DA6 /* Debug */,
				FA6CF3C42699CE4A00638DA6 /* Release */,
			);
			defaultConfigurationIsVisible = 0;
			defaultConfigurationName = Release;
		};
		FA6CF3C52699CE4A00638DA6 /* Build configuration list for PBXNativeTarget "NutritionAnalysis" */ = {
			isa = XCConfigurationList;
			buildConfigurations = (
				FA6CF3C62699CE4A00638DA6 /* Debug */,
				FA6CF3C72699CE4A00638DA6 /* Release */,
			);
			defaultConfigurationIsVisible = 0;
			defaultConfigurationName = Release;
		};
		FA6CF3C82699CE4A00638DA6 /* Build configuration list for PBXNativeTarget "NutritionAnalysisTests" */ = {
			isa = XCConfigurationList;
			buildConfigurations = (
				FA6CF3C92699CE4A00638DA6 /* Debug */,
				FA6CF3CA2699CE4A00638DA6 /* Release */,
			);
			defaultConfigurationIsVisible = 0;
			defaultConfigurationName = Release;
		};
		FA6CF3CB2699CE4A00638DA6 /* Build configuration list for PBXNativeTarget "NutritionAnalysisUITests" */ = {
			isa = XCConfigurationList;
			buildConfigurations = (
				FA6CF3CC2699CE4A00638DA6 /* Debug */,
				FA6CF3CD2699CE4A00638DA6 /* Release */,
			);
			defaultConfigurationIsVisible = 0;
			defaultConfigurationName = Release;
		};
/* End XCConfigurationList section */
	};
	rootObject = FA6CF3932699CE4800638DA6 /* Project object */;
}
